// !$*UTF8*$!
{
	archiveVersion = 1;
	classes = {
	};
	objectVersion = 51;
	objects = {

/* Begin PBXBuildFile section */
		64B17A70EF9A286FDD50F643 /* Pods_HeadhuntrTests.framework in Frameworks */ = {isa = PBXBuildFile; fileRef = E57362E255DA836403E58773 /* Pods_HeadhuntrTests.framework */; };
		E11353D4C9C625BA78518E4D /* Pods_Headhuntr_HeadhuntrUITests.framework in Frameworks */ = {isa = PBXBuildFile; fileRef = 1DBCD20C626260254633008A /* Pods_Headhuntr_HeadhuntrUITests.framework */; };
		F01E43EC254CEF5100880FE7 /* amplifyconfiguration.json in Resources */ = {isa = PBXBuildFile; fileRef = F01E43EB254CEF5100880FE7 /* amplifyconfiguration.json */; };
		F01E43F4254CF29300880FE7 /* Login.swift in Sources */ = {isa = PBXBuildFile; fileRef = F01E43F3254CF29300880FE7 /* Login.swift */; };
		F01E43FC254CF2B900880FE7 /* SearchList.swift in Sources */ = {isa = PBXBuildFile; fileRef = F01E43FB254CF2B900880FE7 /* SearchList.swift */; };
		F02F0AE5254FD7CF0062549C /* JobDetail+CoreDataClass.swift in Sources */ = {isa = PBXBuildFile; fileRef = F02F0AE1254FD7CF0062549C /* JobDetail+CoreDataClass.swift */; };
		F02F0AE6254FD7CF0062549C /* JobDetail+CoreDataProperties.swift in Sources */ = {isa = PBXBuildFile; fileRef = F02F0AE2254FD7CF0062549C /* JobDetail+CoreDataProperties.swift */; };
		F02F0AE7254FD7CF0062549C /* Candidate+CoreDataClass.swift in Sources */ = {isa = PBXBuildFile; fileRef = F02F0AE3254FD7CF0062549C /* Candidate+CoreDataClass.swift */; };
		F02F0AE8254FD7CF0062549C /* Candidate+CoreDataProperties.swift in Sources */ = {isa = PBXBuildFile; fileRef = F02F0AE4254FD7CF0062549C /* Candidate+CoreDataProperties.swift */; };
		F07904ED254EE4A000E15856 /* API.swift in Sources */ = {isa = PBXBuildFile; fileRef = F07904EC254EE4A000E15856 /* API.swift */; };
		F09B6BF3254CF8A6005AB554 /* ChangePassword.swift in Sources */ = {isa = PBXBuildFile; fileRef = F09B6BF2254CF8A6005AB554 /* ChangePassword.swift */; };
		F09B6BFB254CFE82005AB554 /* SignUp.swift in Sources */ = {isa = PBXBuildFile; fileRef = F09B6BFA254CFE82005AB554 /* SignUp.swift */; };
		F09B6C03254D547E005AB554 /* Dashboard.swift in Sources */ = {isa = PBXBuildFile; fileRef = F09B6C02254D547E005AB554 /* Dashboard.swift */; };
		F0DA5E9E25418E2700C9F583 /* HeadhuntrApp.swift in Sources */ = {isa = PBXBuildFile; fileRef = F0DA5E9D25418E2700C9F583 /* HeadhuntrApp.swift */; };
		F0DA5EA025418E2700C9F583 /* ContentView.swift in Sources */ = {isa = PBXBuildFile; fileRef = F0DA5E9F25418E2700C9F583 /* ContentView.swift */; };
		F0DA5EA225418E2900C9F583 /* Assets.xcassets in Resources */ = {isa = PBXBuildFile; fileRef = F0DA5EA125418E2900C9F583 /* Assets.xcassets */; };
		F0DA5EA525418E2900C9F583 /* Preview Assets.xcassets in Resources */ = {isa = PBXBuildFile; fileRef = F0DA5EA425418E2900C9F583 /* Preview Assets.xcassets */; };
		F0DA5EA725418E2900C9F583 /* Persistence.swift in Sources */ = {isa = PBXBuildFile; fileRef = F0DA5EA625418E2900C9F583 /* Persistence.swift */; };
		F0DA5EAA25418E2900C9F583 /* Headhuntr.xcdatamodeld in Sources */ = {isa = PBXBuildFile; fileRef = F0DA5EA825418E2900C9F583 /* Headhuntr.xcdatamodeld */; };
		F0DA5EB525418E2900C9F583 /* HeadhuntrTests.swift in Sources */ = {isa = PBXBuildFile; fileRef = F0DA5EB425418E2900C9F583 /* HeadhuntrTests.swift */; };
		F0DA5EC025418E2900C9F583 /* HeadhuntrUITests.swift in Sources */ = {isa = PBXBuildFile; fileRef = F0DA5EBF25418E2900C9F583 /* HeadhuntrUITests.swift */; };
		FF5FD42EC1DA92D8D27DC996 /* Pods_Headhuntr.framework in Frameworks */ = {isa = PBXBuildFile; fileRef = 23B0F3096687FE8D4535C7EA /* Pods_Headhuntr.framework */; };
/* End PBXBuildFile section */

/* Begin PBXContainerItemProxy section */
		F0DA5EB125418E2900C9F583 /* PBXContainerItemProxy */ = {
			isa = PBXContainerItemProxy;
			containerPortal = F0DA5E9225418E2700C9F583 /* Project object */;
			proxyType = 1;
			remoteGlobalIDString = F0DA5E9925418E2700C9F583;
			remoteInfo = Headhuntr;
		};
		F0DA5EBC25418E2900C9F583 /* PBXContainerItemProxy */ = {
			isa = PBXContainerItemProxy;
			containerPortal = F0DA5E9225418E2700C9F583 /* Project object */;
			proxyType = 1;
			remoteGlobalIDString = F0DA5E9925418E2700C9F583;
			remoteInfo = Headhuntr;
		};
/* End PBXContainerItemProxy section */

/* Begin PBXFileReference section */
		1DBCD20C626260254633008A /* Pods_Headhuntr_HeadhuntrUITests.framework */ = {isa = PBXFileReference; explicitFileType = wrapper.framework; includeInIndex = 0; path = Pods_Headhuntr_HeadhuntrUITests.framework; sourceTree = BUILT_PRODUCTS_DIR; };
		23B0F3096687FE8D4535C7EA /* Pods_Headhuntr.framework */ = {isa = PBXFileReference; explicitFileType = wrapper.framework; includeInIndex = 0; path = Pods_Headhuntr.framework; sourceTree = BUILT_PRODUCTS_DIR; };
		6372358FA8276197563C0FA5 /* Pods-HeadhuntrTests.release.xcconfig */ = {isa = PBXFileReference; includeInIndex = 1; lastKnownFileType = text.xcconfig; name = "Pods-HeadhuntrTests.release.xcconfig"; path = "Target Support Files/Pods-HeadhuntrTests/Pods-HeadhuntrTests.release.xcconfig"; sourceTree = "<group>"; };
		69C2FF4D4AB7703B1AA23162 /* Pods-Headhuntr-HeadhuntrUITests.debug.xcconfig */ = {isa = PBXFileReference; includeInIndex = 1; lastKnownFileType = text.xcconfig; name = "Pods-Headhuntr-HeadhuntrUITests.debug.xcconfig"; path = "Target Support Files/Pods-Headhuntr-HeadhuntrUITests/Pods-Headhuntr-HeadhuntrUITests.debug.xcconfig"; sourceTree = "<group>"; };
		7C7C04B7942DA1DA23FBE3C4 /* Pods-Headhuntr.debug.xcconfig */ = {isa = PBXFileReference; includeInIndex = 1; lastKnownFileType = text.xcconfig; name = "Pods-Headhuntr.debug.xcconfig"; path = "Target Support Files/Pods-Headhuntr/Pods-Headhuntr.debug.xcconfig"; sourceTree = "<group>"; };
		86309CB964FD9C5B79F1711B /* Pods-Headhuntr.release.xcconfig */ = {isa = PBXFileReference; includeInIndex = 1; lastKnownFileType = text.xcconfig; name = "Pods-Headhuntr.release.xcconfig"; path = "Target Support Files/Pods-Headhuntr/Pods-Headhuntr.release.xcconfig"; sourceTree = "<group>"; };
		B4DF424568DFACBFFF432223 /* Pods-Headhuntr-HeadhuntrUITests.release.xcconfig */ = {isa = PBXFileReference; includeInIndex = 1; lastKnownFileType = text.xcconfig; name = "Pods-Headhuntr-HeadhuntrUITests.release.xcconfig"; path = "Target Support Files/Pods-Headhuntr-HeadhuntrUITests/Pods-Headhuntr-HeadhuntrUITests.release.xcconfig"; sourceTree = "<group>"; };
		D18E2EFF8D7D49AAB32AF15E /* Pods-HeadhuntrTests.debug.xcconfig */ = {isa = PBXFileReference; includeInIndex = 1; lastKnownFileType = text.xcconfig; name = "Pods-HeadhuntrTests.debug.xcconfig"; path = "Target Support Files/Pods-HeadhuntrTests/Pods-HeadhuntrTests.debug.xcconfig"; sourceTree = "<group>"; };
		E57362E255DA836403E58773 /* Pods_HeadhuntrTests.framework */ = {isa = PBXFileReference; explicitFileType = wrapper.framework; includeInIndex = 0; path = Pods_HeadhuntrTests.framework; sourceTree = BUILT_PRODUCTS_DIR; };
		F01E43EB254CEF5100880FE7 /* amplifyconfiguration.json */ = {isa = PBXFileReference; lastKnownFileType = text.json; path = amplifyconfiguration.json; sourceTree = "<group>"; };
		F01E43F3254CF29300880FE7 /* Login.swift */ = {isa = PBXFileReference; lastKnownFileType = sourcecode.swift; path = Login.swift; sourceTree = "<group>"; };
		F01E43FB254CF2B900880FE7 /* SearchList.swift */ = {isa = PBXFileReference; lastKnownFileType = sourcecode.swift; path = SearchList.swift; sourceTree = "<group>"; };
		F02F0AE1254FD7CF0062549C /* JobDetail+CoreDataClass.swift */ = {isa = PBXFileReference; lastKnownFileType = sourcecode.swift; path = "JobDetail+CoreDataClass.swift"; sourceTree = "<group>"; };
		F02F0AE2254FD7CF0062549C /* JobDetail+CoreDataProperties.swift */ = {isa = PBXFileReference; lastKnownFileType = sourcecode.swift; path = "JobDetail+CoreDataProperties.swift"; sourceTree = "<group>"; };
		F02F0AE3254FD7CF0062549C /* Candidate+CoreDataClass.swift */ = {isa = PBXFileReference; lastKnownFileType = sourcecode.swift; path = "Candidate+CoreDataClass.swift"; sourceTree = "<group>"; };
		F02F0AE4254FD7CF0062549C /* Candidate+CoreDataProperties.swift */ = {isa = PBXFileReference; lastKnownFileType = sourcecode.swift; path = "Candidate+CoreDataProperties.swift"; sourceTree = "<group>"; };
		F07904EC254EE4A000E15856 /* API.swift */ = {isa = PBXFileReference; lastKnownFileType = sourcecode.swift; path = API.swift; sourceTree = "<group>"; };
		F09B6BF2254CF8A6005AB554 /* ChangePassword.swift */ = {isa = PBXFileReference; lastKnownFileType = sourcecode.swift; path = ChangePassword.swift; sourceTree = "<group>"; };
		F09B6BFA254CFE82005AB554 /* SignUp.swift */ = {isa = PBXFileReference; lastKnownFileType = sourcecode.swift; path = SignUp.swift; sourceTree = "<group>"; };
		F09B6C02254D547E005AB554 /* Dashboard.swift */ = {isa = PBXFileReference; lastKnownFileType = sourcecode.swift; path = Dashboard.swift; sourceTree = "<group>"; };
		F0DA5E9A25418E2700C9F583 /* Headhuntr.app */ = {isa = PBXFileReference; explicitFileType = wrapper.application; includeInIndex = 0; path = Headhuntr.app; sourceTree = BUILT_PRODUCTS_DIR; };
		F0DA5E9D25418E2700C9F583 /* HeadhuntrApp.swift */ = {isa = PBXFileReference; lastKnownFileType = sourcecode.swift; path = HeadhuntrApp.swift; sourceTree = "<group>"; };
		F0DA5E9F25418E2700C9F583 /* ContentView.swift */ = {isa = PBXFileReference; lastKnownFileType = sourcecode.swift; path = ContentView.swift; sourceTree = "<group>"; };
		F0DA5EA125418E2900C9F583 /* Assets.xcassets */ = {isa = PBXFileReference; lastKnownFileType = folder.assetcatalog; path = Assets.xcassets; sourceTree = "<group>"; };
		F0DA5EA425418E2900C9F583 /* Preview Assets.xcassets */ = {isa = PBXFileReference; lastKnownFileType = folder.assetcatalog; path = "Preview Assets.xcassets"; sourceTree = "<group>"; };
		F0DA5EA625418E2900C9F583 /* Persistence.swift */ = {isa = PBXFileReference; lastKnownFileType = sourcecode.swift; path = Persistence.swift; sourceTree = "<group>"; };
		F0DA5EA925418E2900C9F583 /* Headhuntr.xcdatamodel */ = {isa = PBXFileReference; lastKnownFileType = wrapper.xcdatamodel; path = Headhuntr.xcdatamodel; sourceTree = "<group>"; };
		F0DA5EAB25418E2900C9F583 /* Info.plist */ = {isa = PBXFileReference; lastKnownFileType = text.plist.xml; path = Info.plist; sourceTree = "<group>"; };
		F0DA5EB025418E2900C9F583 /* HeadhuntrTests.xctest */ = {isa = PBXFileReference; explicitFileType = wrapper.cfbundle; includeInIndex = 0; path = HeadhuntrTests.xctest; sourceTree = BUILT_PRODUCTS_DIR; };
		F0DA5EB425418E2900C9F583 /* HeadhuntrTests.swift */ = {isa = PBXFileReference; lastKnownFileType = sourcecode.swift; path = HeadhuntrTests.swift; sourceTree = "<group>"; };
		F0DA5EB625418E2900C9F583 /* Info.plist */ = {isa = PBXFileReference; lastKnownFileType = text.plist.xml; path = Info.plist; sourceTree = "<group>"; };
		F0DA5EBB25418E2900C9F583 /* HeadhuntrUITests.xctest */ = {isa = PBXFileReference; explicitFileType = wrapper.cfbundle; includeInIndex = 0; path = HeadhuntrUITests.xctest; sourceTree = BUILT_PRODUCTS_DIR; };
		F0DA5EBF25418E2900C9F583 /* HeadhuntrUITests.swift */ = {isa = PBXFileReference; lastKnownFileType = sourcecode.swift; path = HeadhuntrUITests.swift; sourceTree = "<group>"; };
		F0DA5EC125418E2900C9F583 /* Info.plist */ = {isa = PBXFileReference; lastKnownFileType = text.plist.xml; path = Info.plist; sourceTree = "<group>"; };
/* End PBXFileReference section */

/* Begin PBXFrameworksBuildPhase section */
		F0DA5E9725418E2700C9F583 /* Frameworks */ = {
			isa = PBXFrameworksBuildPhase;
			buildActionMask = 2147483647;
			files = (
				FF5FD42EC1DA92D8D27DC996 /* Pods_Headhuntr.framework in Frameworks */,
			);
			runOnlyForDeploymentPostprocessing = 0;
		};
		F0DA5EAD25418E2900C9F583 /* Frameworks */ = {
			isa = PBXFrameworksBuildPhase;
			buildActionMask = 2147483647;
			files = (
				64B17A70EF9A286FDD50F643 /* Pods_HeadhuntrTests.framework in Frameworks */,
			);
			runOnlyForDeploymentPostprocessing = 0;
		};
		F0DA5EB825418E2900C9F583 /* Frameworks */ = {
			isa = PBXFrameworksBuildPhase;
			buildActionMask = 2147483647;
			files = (
				E11353D4C9C625BA78518E4D /* Pods_Headhuntr_HeadhuntrUITests.framework in Frameworks */,
			);
			runOnlyForDeploymentPostprocessing = 0;
		};
/* End PBXFrameworksBuildPhase section */

/* Begin PBXGroup section */
		146D5AAC53B02E52561D1202 /* Pods */ = {
			isa = PBXGroup;
			children = (
				7C7C04B7942DA1DA23FBE3C4 /* Pods-Headhuntr.debug.xcconfig */,
				86309CB964FD9C5B79F1711B /* Pods-Headhuntr.release.xcconfig */,
				69C2FF4D4AB7703B1AA23162 /* Pods-Headhuntr-HeadhuntrUITests.debug.xcconfig */,
				B4DF424568DFACBFFF432223 /* Pods-Headhuntr-HeadhuntrUITests.release.xcconfig */,
				D18E2EFF8D7D49AAB32AF15E /* Pods-HeadhuntrTests.debug.xcconfig */,
				6372358FA8276197563C0FA5 /* Pods-HeadhuntrTests.release.xcconfig */,
			);
			path = Pods;
			sourceTree = "<group>";
		};
		6A46D1BA2AE9847C1F74F368 /* Frameworks */ = {
			isa = PBXGroup;
			children = (
				23B0F3096687FE8D4535C7EA /* Pods_Headhuntr.framework */,
				1DBCD20C626260254633008A /* Pods_Headhuntr_HeadhuntrUITests.framework */,
				E57362E255DA836403E58773 /* Pods_HeadhuntrTests.framework */,
			);
			name = Frameworks;
			sourceTree = "<group>";
		};
		F01E43F0254CF23D00880FE7 /* View */ = {
			isa = PBXGroup;
			children = (
				F09B6BFA254CFE82005AB554 /* SignUp.swift */,
				F01E43F3254CF29300880FE7 /* Login.swift */,
				F09B6BF2254CF8A6005AB554 /* ChangePassword.swift */,
				F01E43FB254CF2B900880FE7 /* SearchList.swift */,
				F09B6C02254D547E005AB554 /* Dashboard.swift */,
			);
			path = View;
			sourceTree = "<group>";
		};
		F01E43F1254CF24500880FE7 /* Config */ = {
			isa = PBXGroup;
			children = (
				F0DA5EA825418E2900C9F583 /* Headhuntr.xcdatamodeld */,
				F01E43EB254CEF5100880FE7 /* amplifyconfiguration.json */,
			);
			path = Config;
			sourceTree = "<group>";
		};
		F01E43F2254CF25700880FE7 /* ETC */ = {
			isa = PBXGroup;
			children = (
				F0DA5E9D25418E2700C9F583 /* HeadhuntrApp.swift */,
				F0DA5E9F25418E2700C9F583 /* ContentView.swift */,
			);
			path = ETC;
			sourceTree = "<group>";
		};
		F02F0AA8254FC8920062549C /* Entities */ = {
			isa = PBXGroup;
			children = (
				F02F0AE1254FD7CF0062549C /* JobDetail+CoreDataClass.swift */,
				F02F0AE2254FD7CF0062549C /* JobDetail+CoreDataProperties.swift */,
				F02F0AE3254FD7CF0062549C /* Candidate+CoreDataClass.swift */,
				F02F0AE4254FD7CF0062549C /* Candidate+CoreDataProperties.swift */,
			);
			path = Entities;
			sourceTree = "<group>";
		};
		F07904EB254EE46900E15856 /* Model */ = {
			isa = PBXGroup;
			children = (
				F02F0AA8254FC8920062549C /* Entities */,
				F0DA5EA625418E2900C9F583 /* Persistence.swift */,
				F07904EC254EE4A000E15856 /* API.swift */,
			);
			path = Model;
			sourceTree = "<group>";
		};
		F0DA5E9125418E2700C9F583 = {
			isa = PBXGroup;
			children = (
				F0DA5E9C25418E2700C9F583 /* Headhuntr */,
				F0DA5EB325418E2900C9F583 /* HeadhuntrTests */,
				F0DA5EBE25418E2900C9F583 /* HeadhuntrUITests */,
				F0DA5E9B25418E2700C9F583 /* Products */,
				146D5AAC53B02E52561D1202 /* Pods */,
				6A46D1BA2AE9847C1F74F368 /* Frameworks */,
			);
			sourceTree = "<group>";
		};
		F0DA5E9B25418E2700C9F583 /* Products */ = {
			isa = PBXGroup;
			children = (
				F0DA5E9A25418E2700C9F583 /* Headhuntr.app */,
				F0DA5EB025418E2900C9F583 /* HeadhuntrTests.xctest */,
				F0DA5EBB25418E2900C9F583 /* HeadhuntrUITests.xctest */,
			);
			name = Products;
			sourceTree = "<group>";
		};
		F0DA5E9C25418E2700C9F583 /* Headhuntr */ = {
			isa = PBXGroup;
			children = (
				F01E43F2254CF25700880FE7 /* ETC */,
				F01E43F1254CF24500880FE7 /* Config */,
				F07904EB254EE46900E15856 /* Model */,
				F01E43F0254CF23D00880FE7 /* View */,
				F0DA5EAB25418E2900C9F583 /* Info.plist */,
				F0DA5EA125418E2900C9F583 /* Assets.xcassets */,
				F0DA5EA325418E2900C9F583 /* Preview Content */,
			);
			path = Headhuntr;
			sourceTree = "<group>";
		};
		F0DA5EA325418E2900C9F583 /* Preview Content */ = {
			isa = PBXGroup;
			children = (
				F0DA5EA425418E2900C9F583 /* Preview Assets.xcassets */,
			);
			path = "Preview Content";
			sourceTree = "<group>";
		};
		F0DA5EB325418E2900C9F583 /* HeadhuntrTests */ = {
			isa = PBXGroup;
			children = (
				F0DA5EB425418E2900C9F583 /* HeadhuntrTests.swift */,
				F0DA5EB625418E2900C9F583 /* Info.plist */,
			);
			path = HeadhuntrTests;
			sourceTree = "<group>";
		};
		F0DA5EBE25418E2900C9F583 /* HeadhuntrUITests */ = {
			isa = PBXGroup;
			children = (
				F0DA5EBF25418E2900C9F583 /* HeadhuntrUITests.swift */,
				F0DA5EC125418E2900C9F583 /* Info.plist */,
			);
			path = HeadhuntrUITests;
			sourceTree = "<group>";
		};
/* End PBXGroup section */

/* Begin PBXNativeTarget section */
		F0DA5E9925418E2700C9F583 /* Headhuntr */ = {
			isa = PBXNativeTarget;
			buildConfigurationList = F0DA5EC425418E2900C9F583 /* Build configuration list for PBXNativeTarget "Headhuntr" */;
			buildPhases = (
				DDF323D5E8C947BC1A1E7E31 /* [CP] Check Pods Manifest.lock */,
				F0DA5E9625418E2700C9F583 /* Sources */,
				F0DA5E9725418E2700C9F583 /* Frameworks */,
				F0DA5E9825418E2700C9F583 /* Resources */,
				E1BB08B099554542FEF105AD /* [CP] Embed Pods Frameworks */,
			);
			buildRules = (
			);
			dependencies = (
			);
			name = Headhuntr;
			productName = Headhuntr;
			productReference = F0DA5E9A25418E2700C9F583 /* Headhuntr.app */;
			productType = "com.apple.product-type.application";
		};
		F0DA5EAF25418E2900C9F583 /* HeadhuntrTests */ = {
			isa = PBXNativeTarget;
			buildConfigurationList = F0DA5EC725418E2900C9F583 /* Build configuration list for PBXNativeTarget "HeadhuntrTests" */;
			buildPhases = (
				73EC4D01551703E20DFB7763 /* [CP] Check Pods Manifest.lock */,
				F0DA5EAC25418E2900C9F583 /* Sources */,
				F0DA5EAD25418E2900C9F583 /* Frameworks */,
				F0DA5EAE25418E2900C9F583 /* Resources */,
			);
			buildRules = (
			);
			dependencies = (
				F0DA5EB225418E2900C9F583 /* PBXTargetDependency */,
			);
			name = HeadhuntrTests;
			productName = HeadhuntrTests;
			productReference = F0DA5EB025418E2900C9F583 /* HeadhuntrTests.xctest */;
			productType = "com.apple.product-type.bundle.unit-test";
		};
		F0DA5EBA25418E2900C9F583 /* HeadhuntrUITests */ = {
			isa = PBXNativeTarget;
			buildConfigurationList = F0DA5ECA25418E2900C9F583 /* Build configuration list for PBXNativeTarget "HeadhuntrUITests" */;
			buildPhases = (
				9E7F128C896B336FC080434D /* [CP] Check Pods Manifest.lock */,
				F0DA5EB725418E2900C9F583 /* Sources */,
				F0DA5EB825418E2900C9F583 /* Frameworks */,
				F0DA5EB925418E2900C9F583 /* Resources */,
				C1EBE3CE509D4712338CB9C1 /* [CP] Embed Pods Frameworks */,
			);
			buildRules = (
			);
			dependencies = (
				F0DA5EBD25418E2900C9F583 /* PBXTargetDependency */,
			);
			name = HeadhuntrUITests;
			productName = HeadhuntrUITests;
			productReference = F0DA5EBB25418E2900C9F583 /* HeadhuntrUITests.xctest */;
			productType = "com.apple.product-type.bundle.ui-testing";
		};
/* End PBXNativeTarget section */

/* Begin PBXProject section */
		F0DA5E9225418E2700C9F583 /* Project object */ = {
			isa = PBXProject;
			attributes = {
				LastSwiftUpdateCheck = 1210;
				LastUpgradeCheck = 1210;
				TargetAttributes = {
					F0DA5E9925418E2700C9F583 = {
						CreatedOnToolsVersion = 12.1;
					};
					F0DA5EAF25418E2900C9F583 = {
						CreatedOnToolsVersion = 12.1;
						TestTargetID = F0DA5E9925418E2700C9F583;
					};
					F0DA5EBA25418E2900C9F583 = {
						CreatedOnToolsVersion = 12.1;
						TestTargetID = F0DA5E9925418E2700C9F583;
					};
				};
			};
			buildConfigurationList = F0DA5E9525418E2700C9F583 /* Build configuration list for PBXProject "Headhuntr" */;
			compatibilityVersion = "Xcode 9.3";
			developmentRegion = en;
			hasScannedForEncodings = 0;
			knownRegions = (
				en,
				Base,
			);
			mainGroup = F0DA5E9125418E2700C9F583;
			productRefGroup = F0DA5E9B25418E2700C9F583 /* Products */;
			projectDirPath = "";
			projectRoot = "";
			targets = (
				F0DA5E9925418E2700C9F583 /* Headhuntr */,
				F0DA5EAF25418E2900C9F583 /* HeadhuntrTests */,
				F0DA5EBA25418E2900C9F583 /* HeadhuntrUITests */,
			);
		};
/* End PBXProject section */

/* Begin PBXResourcesBuildPhase section */
		F0DA5E9825418E2700C9F583 /* Resources */ = {
			isa = PBXResourcesBuildPhase;
			buildActionMask = 2147483647;
			files = (
				F0DA5EA525418E2900C9F583 /* Preview Assets.xcassets in Resources */,
				F01E43EC254CEF5100880FE7 /* amplifyconfiguration.json in Resources */,
				F0DA5EA225418E2900C9F583 /* Assets.xcassets in Resources */,
			);
			runOnlyForDeploymentPostprocessing = 0;
		};
		F0DA5EAE25418E2900C9F583 /* Resources */ = {
			isa = PBXResourcesBuildPhase;
			buildActionMask = 2147483647;
			files = (
			);
			runOnlyForDeploymentPostprocessing = 0;
		};
		F0DA5EB925418E2900C9F583 /* Resources */ = {
			isa = PBXResourcesBuildPhase;
			buildActionMask = 2147483647;
			files = (
			);
			runOnlyForDeploymentPostprocessing = 0;
		};
/* End PBXResourcesBuildPhase section */

/* Begin PBXShellScriptBuildPhase section */
		73EC4D01551703E20DFB7763 /* [CP] Check Pods Manifest.lock */ = {
			isa = PBXShellScriptBuildPhase;
			buildActionMask = 2147483647;
			files = (
			);
			inputFileListPaths = (
			);
			inputPaths = (
				"${PODS_PODFILE_DIR_PATH}/Podfile.lock",
				"${PODS_ROOT}/Manifest.lock",
			);
			name = "[CP] Check Pods Manifest.lock";
			outputFileListPaths = (
			);
			outputPaths = (
				"$(DERIVED_FILE_DIR)/Pods-HeadhuntrTests-checkManifestLockResult.txt",
			);
			runOnlyForDeploymentPostprocessing = 0;
			shellPath = /bin/sh;
			shellScript = "diff \"${PODS_PODFILE_DIR_PATH}/Podfile.lock\" \"${PODS_ROOT}/Manifest.lock\" > /dev/null\nif [ $? != 0 ] ; then\n    # print error to STDERR\n    echo \"error: The sandbox is not in sync with the Podfile.lock. Run 'pod install' or update your CocoaPods installation.\" >&2\n    exit 1\nfi\n# This output is used by Xcode 'outputs' to avoid re-running this script phase.\necho \"SUCCESS\" > \"${SCRIPT_OUTPUT_FILE_0}\"\n";
			showEnvVarsInLog = 0;
		};
		9E7F128C896B336FC080434D /* [CP] Check Pods Manifest.lock */ = {
			isa = PBXShellScriptBuildPhase;
			buildActionMask = 2147483647;
			files = (
			);
			inputFileListPaths = (
			);
			inputPaths = (
				"${PODS_PODFILE_DIR_PATH}/Podfile.lock",
				"${PODS_ROOT}/Manifest.lock",
			);
			name = "[CP] Check Pods Manifest.lock";
			outputFileListPaths = (
			);
			outputPaths = (
				"$(DERIVED_FILE_DIR)/Pods-Headhuntr-HeadhuntrUITests-checkManifestLockResult.txt",
			);
			runOnlyForDeploymentPostprocessing = 0;
			shellPath = /bin/sh;
			shellScript = "diff \"${PODS_PODFILE_DIR_PATH}/Podfile.lock\" \"${PODS_ROOT}/Manifest.lock\" > /dev/null\nif [ $? != 0 ] ; then\n    # print error to STDERR\n    echo \"error: The sandbox is not in sync with the Podfile.lock. Run 'pod install' or update your CocoaPods installation.\" >&2\n    exit 1\nfi\n# This output is used by Xcode 'outputs' to avoid re-running this script phase.\necho \"SUCCESS\" > \"${SCRIPT_OUTPUT_FILE_0}\"\n";
			showEnvVarsInLog = 0;
		};
		C1EBE3CE509D4712338CB9C1 /* [CP] Embed Pods Frameworks */ = {
			isa = PBXShellScriptBuildPhase;
			buildActionMask = 2147483647;
			files = (
			);
			inputFileListPaths = (
				"${PODS_ROOT}/Target Support Files/Pods-Headhuntr-HeadhuntrUITests/Pods-Headhuntr-HeadhuntrUITests-frameworks-${CONFIGURATION}-input-files.xcfilelist",
			);
			name = "[CP] Embed Pods Frameworks";
			outputFileListPaths = (
				"${PODS_ROOT}/Target Support Files/Pods-Headhuntr-HeadhuntrUITests/Pods-Headhuntr-HeadhuntrUITests-frameworks-${CONFIGURATION}-output-files.xcfilelist",
			);
			runOnlyForDeploymentPostprocessing = 0;
			shellPath = /bin/sh;
			shellScript = "\"${PODS_ROOT}/Target Support Files/Pods-Headhuntr-HeadhuntrUITests/Pods-Headhuntr-HeadhuntrUITests-frameworks.sh\"\n";
			showEnvVarsInLog = 0;
		};
		DDF323D5E8C947BC1A1E7E31 /* [CP] Check Pods Manifest.lock */ = {
			isa = PBXShellScriptBuildPhase;
			buildActionMask = 2147483647;
			files = (
			);
			inputFileListPaths = (
			);
			inputPaths = (
				"${PODS_PODFILE_DIR_PATH}/Podfile.lock",
				"${PODS_ROOT}/Manifest.lock",
			);
			name = "[CP] Check Pods Manifest.lock";
			outputFileListPaths = (
			);
			outputPaths = (
				"$(DERIVED_FILE_DIR)/Pods-Headhuntr-checkManifestLockResult.txt",
			);
			runOnlyForDeploymentPostprocessing = 0;
			shellPath = /bin/sh;
			shellScript = "diff \"${PODS_PODFILE_DIR_PATH}/Podfile.lock\" \"${PODS_ROOT}/Manifest.lock\" > /dev/null\nif [ $? != 0 ] ; then\n    # print error to STDERR\n    echo \"error: The sandbox is not in sync with the Podfile.lock. Run 'pod install' or update your CocoaPods installation.\" >&2\n    exit 1\nfi\n# This output is used by Xcode 'outputs' to avoid re-running this script phase.\necho \"SUCCESS\" > \"${SCRIPT_OUTPUT_FILE_0}\"\n";
			showEnvVarsInLog = 0;
		};
		E1BB08B099554542FEF105AD /* [CP] Embed Pods Frameworks */ = {
			isa = PBXShellScriptBuildPhase;
			buildActionMask = 2147483647;
			files = (
			);
			inputFileListPaths = (
				"${PODS_ROOT}/Target Support Files/Pods-Headhuntr/Pods-Headhuntr-frameworks-${CONFIGURATION}-input-files.xcfilelist",
			);
			name = "[CP] Embed Pods Frameworks";
			outputFileListPaths = (
				"${PODS_ROOT}/Target Support Files/Pods-Headhuntr/Pods-Headhuntr-frameworks-${CONFIGURATION}-output-files.xcfilelist",
			);
			runOnlyForDeploymentPostprocessing = 0;
			shellPath = /bin/sh;
			shellScript = "\"${PODS_ROOT}/Target Support Files/Pods-Headhuntr/Pods-Headhuntr-frameworks.sh\"\n";
			showEnvVarsInLog = 0;
		};
/* End PBXShellScriptBuildPhase section */

/* Begin PBXSourcesBuildPhase section */
		F0DA5E9625418E2700C9F583 /* Sources */ = {
			isa = PBXSourcesBuildPhase;
			buildActionMask = 2147483647;
			files = (
				F01E43FC254CF2B900880FE7 /* SearchList.swift in Sources */,
				F02F0AE5254FD7CF0062549C /* JobDetail+CoreDataClass.swift in Sources */,
				F02F0AE7254FD7CF0062549C /* Candidate+CoreDataClass.swift in Sources */,
				F02F0AE8254FD7CF0062549C /* Candidate+CoreDataProperties.swift in Sources */,
				F02F0AE6254FD7CF0062549C /* JobDetail+CoreDataProperties.swift in Sources */,
				F0DA5EA725418E2900C9F583 /* Persistence.swift in Sources */,
				F01E43F4254CF29300880FE7 /* Login.swift in Sources */,
				F0DA5EAA25418E2900C9F583 /* Headhuntr.xcdatamodeld in Sources */,
				F07904ED254EE4A000E15856 /* API.swift in Sources */,
				F09B6C03254D547E005AB554 /* Dashboard.swift in Sources */,
				F0DA5EA025418E2700C9F583 /* ContentView.swift in Sources */,
				F09B6BFB254CFE82005AB554 /* SignUp.swift in Sources */,
				F0DA5E9E25418E2700C9F583 /* HeadhuntrApp.swift in Sources */,
				F09B6BF3254CF8A6005AB554 /* ChangePassword.swift in Sources */,
			);
			runOnlyForDeploymentPostprocessing = 0;
		};
		F0DA5EAC25418E2900C9F583 /* Sources */ = {
			isa = PBXSourcesBuildPhase;
			buildActionMask = 2147483647;
			files = (
				F0DA5EB525418E2900C9F583 /* HeadhuntrTests.swift in Sources */,
			);
			runOnlyForDeploymentPostprocessing = 0;
		};
		F0DA5EB725418E2900C9F583 /* Sources */ = {
			isa = PBXSourcesBuildPhase;
			buildActionMask = 2147483647;
			files = (
				F0DA5EC025418E2900C9F583 /* HeadhuntrUITests.swift in Sources */,
			);
			runOnlyForDeploymentPostprocessing = 0;
		};
/* End PBXSourcesBuildPhase section */

/* Begin PBXTargetDependency section */
		F0DA5EB225418E2900C9F583 /* PBXTargetDependency */ = {
			isa = PBXTargetDependency;
			target = F0DA5E9925418E2700C9F583 /* Headhuntr */;
			targetProxy = F0DA5EB125418E2900C9F583 /* PBXContainerItemProxy */;
		};
		F0DA5EBD25418E2900C9F583 /* PBXTargetDependency */ = {
			isa = PBXTargetDependency;
			target = F0DA5E9925418E2700C9F583 /* Headhuntr */;
			targetProxy = F0DA5EBC25418E2900C9F583 /* PBXContainerItemProxy */;
		};
/* End PBXTargetDependency section */

/* Begin XCBuildConfiguration section */
		F0DA5EC225418E2900C9F583 /* Debug */ = {
			isa = XCBuildConfiguration;
			buildSettings = {
				ALWAYS_SEARCH_USER_PATHS = NO;
				CLANG_ANALYZER_NONNULL = YES;
				CLANG_ANALYZER_NUMBER_OBJECT_CONVERSION = YES_AGGRESSIVE;
				CLANG_CXX_LANGUAGE_STANDARD = "gnu++14";
				CLANG_CXX_LIBRARY = "libc++";
				CLANG_ENABLE_MODULES = YES;
				CLANG_ENABLE_OBJC_ARC = YES;
				CLANG_ENABLE_OBJC_WEAK = YES;
				CLANG_WARN_BLOCK_CAPTURE_AUTORELEASING = YES;
				CLANG_WARN_BOOL_CONVERSION = YES;
				CLANG_WARN_COMMA = YES;
				CLANG_WARN_CONSTANT_CONVERSION = YES;
				CLANG_WARN_DEPRECATED_OBJC_IMPLEMENTATIONS = YES;
				CLANG_WARN_DIRECT_OBJC_ISA_USAGE = YES_ERROR;
				CLANG_WARN_DOCUMENTATION_COMMENTS = YES;
				CLANG_WARN_EMPTY_BODY = YES;
				CLANG_WARN_ENUM_CONVERSION = YES;
				CLANG_WARN_INFINITE_RECURSION = YES;
				CLANG_WARN_INT_CONVERSION = YES;
				CLANG_WARN_NON_LITERAL_NULL_CONVERSION = YES;
				CLANG_WARN_OBJC_IMPLICIT_RETAIN_SELF = YES;
				CLANG_WARN_OBJC_LITERAL_CONVERSION = YES;
				CLANG_WARN_OBJC_ROOT_CLASS = YES_ERROR;
				CLANG_WARN_QUOTED_INCLUDE_IN_FRAMEWORK_HEADER = YES;
				CLANG_WARN_RANGE_LOOP_ANALYSIS = YES;
				CLANG_WARN_STRICT_PROTOTYPES = YES;
				CLANG_WARN_SUSPICIOUS_MOVE = YES;
				CLANG_WARN_UNGUARDED_AVAILABILITY = YES_AGGRESSIVE;
				CLANG_WARN_UNREACHABLE_CODE = YES;
				CLANG_WARN__DUPLICATE_METHOD_MATCH = YES;
				COPY_PHASE_STRIP = NO;
				DEBUG_INFORMATION_FORMAT = dwarf;
				ENABLE_STRICT_OBJC_MSGSEND = YES;
				ENABLE_TESTABILITY = YES;
				GCC_C_LANGUAGE_STANDARD = gnu11;
				GCC_DYNAMIC_NO_PIC = NO;
				GCC_NO_COMMON_BLOCKS = YES;
				GCC_OPTIMIZATION_LEVEL = 0;
				GCC_PREPROCESSOR_DEFINITIONS = (
					"DEBUG=1",
					"$(inherited)",
				);
				GCC_WARN_64_TO_32_BIT_CONVERSION = YES;
				GCC_WARN_ABOUT_RETURN_TYPE = YES_ERROR;
				GCC_WARN_UNDECLARED_SELECTOR = YES;
				GCC_WARN_UNINITIALIZED_AUTOS = YES_AGGRESSIVE;
				GCC_WARN_UNUSED_FUNCTION = YES;
				GCC_WARN_UNUSED_VARIABLE = YES;
				IPHONEOS_DEPLOYMENT_TARGET = 14.1;
				MTL_ENABLE_DEBUG_INFO = INCLUDE_SOURCE;
				MTL_FAST_MATH = YES;
				ONLY_ACTIVE_ARCH = YES;
				SDKROOT = iphoneos;
				SWIFT_ACTIVE_COMPILATION_CONDITIONS = DEBUG;
				SWIFT_OPTIMIZATION_LEVEL = "-Onone";
			};
			name = Debug;
		};
		F0DA5EC325418E2900C9F583 /* Release */ = {
			isa = XCBuildConfiguration;
			buildSettings = {
				ALWAYS_SEARCH_USER_PATHS = NO;
				CLANG_ANALYZER_NONNULL = YES;
				CLANG_ANALYZER_NUMBER_OBJECT_CONVERSION = YES_AGGRESSIVE;
				CLANG_CXX_LANGUAGE_STANDARD = "gnu++14";
				CLANG_CXX_LIBRARY = "libc++";
				CLANG_ENABLE_MODULES = YES;
				CLANG_ENABLE_OBJC_ARC = YES;
				CLANG_ENABLE_OBJC_WEAK = YES;
				CLANG_WARN_BLOCK_CAPTURE_AUTORELEASING = YES;
				CLANG_WARN_BOOL_CONVERSION = YES;
				CLANG_WARN_COMMA = YES;
				CLANG_WARN_CONSTANT_CONVERSION = YES;
				CLANG_WARN_DEPRECATED_OBJC_IMPLEMENTATIONS = YES;
				CLANG_WARN_DIRECT_OBJC_ISA_USAGE = YES_ERROR;
				CLANG_WARN_DOCUMENTATION_COMMENTS = YES;
				CLANG_WARN_EMPTY_BODY = YES;
				CLANG_WARN_ENUM_CONVERSION = YES;
				CLANG_WARN_INFINITE_RECURSION = YES;
				CLANG_WARN_INT_CONVERSION = YES;
				CLANG_WARN_NON_LITERAL_NULL_CONVERSION = YES;
				CLANG_WARN_OBJC_IMPLICIT_RETAIN_SELF = YES;
				CLANG_WARN_OBJC_LITERAL_CONVERSION = YES;
				CLANG_WARN_OBJC_ROOT_CLASS = YES_ERROR;
				CLANG_WARN_QUOTED_INCLUDE_IN_FRAMEWORK_HEADER = YES;
				CLANG_WARN_RANGE_LOOP_ANALYSIS = YES;
				CLANG_WARN_STRICT_PROTOTYPES = YES;
				CLANG_WARN_SUSPICIOUS_MOVE = YES;
				CLANG_WARN_UNGUARDED_AVAILABILITY = YES_AGGRESSIVE;
				CLANG_WARN_UNREACHABLE_CODE = YES;
				CLANG_WARN__DUPLICATE_METHOD_MATCH = YES;
				COPY_PHASE_STRIP = NO;
				DEBUG_INFORMATION_FORMAT = "dwarf-with-dsym";
				ENABLE_NS_ASSERTIONS = NO;
				ENABLE_STRICT_OBJC_MSGSEND = YES;
				GCC_C_LANGUAGE_STANDARD = gnu11;
				GCC_NO_COMMON_BLOCKS = YES;
				GCC_WARN_64_TO_32_BIT_CONVERSION = YES;
				GCC_WARN_ABOUT_RETURN_TYPE = YES_ERROR;
				GCC_WARN_UNDECLARED_SELECTOR = YES;
				GCC_WARN_UNINITIALIZED_AUTOS = YES_AGGRESSIVE;
				GCC_WARN_UNUSED_FUNCTION = YES;
				GCC_WARN_UNUSED_VARIABLE = YES;
				IPHONEOS_DEPLOYMENT_TARGET = 14.1;
				MTL_ENABLE_DEBUG_INFO = NO;
				MTL_FAST_MATH = YES;
				SDKROOT = iphoneos;
				SWIFT_COMPILATION_MODE = wholemodule;
				SWIFT_OPTIMIZATION_LEVEL = "-O";
				VALIDATE_PRODUCT = YES;
			};
			name = Release;
		};
		F0DA5EC525418E2900C9F583 /* Debug */ = {
			isa = XCBuildConfiguration;
			baseConfigurationReference = 7C7C04B7942DA1DA23FBE3C4 /* Pods-Headhuntr.debug.xcconfig */;
			buildSettings = {
				ASSETCATALOG_COMPILER_APPICON_NAME = AppIcon;
				ASSETCATALOG_COMPILER_GLOBAL_ACCENT_COLOR_NAME = AccentColor;
				CODE_SIGN_IDENTITY = "Apple Development";
				CODE_SIGN_STYLE = Automatic;
				CURRENT_PROJECT_VERSION = 2;
				DEVELOPMENT_ASSET_PATHS = "\"Headhuntr/Preview Content\"";
				DEVELOPMENT_TEAM = URYAKN64F7;
				ENABLE_PREVIEWS = YES;
				INFOPLIST_FILE = Headhuntr/Info.plist;
				IPHONEOS_DEPLOYMENT_TARGET = 14.0;
				LD_RUNPATH_SEARCH_PATHS = (
					"$(inherited)",
					"@executable_path/Frameworks",
				);
				MARKETING_VERSION = 1.1;
				PRODUCT_BUNDLE_IDENTIFIER = info.startupbuilder.hhv2.Headhuntr;
				PRODUCT_NAME = "$(TARGET_NAME)";
				PROVISIONING_PROFILE_SPECIFIER = "";
				SWIFT_VERSION = 5.0;
				TARGETED_DEVICE_FAMILY = "1,2";
			};
			name = Debug;
		};
		F0DA5EC625418E2900C9F583 /* Release */ = {
			isa = XCBuildConfiguration;
			baseConfigurationReference = 86309CB964FD9C5B79F1711B /* Pods-Headhuntr.release.xcconfig */;
			buildSettings = {
				ASSETCATALOG_COMPILER_APPICON_NAME = AppIcon;
				ASSETCATALOG_COMPILER_GLOBAL_ACCENT_COLOR_NAME = AccentColor;
				CODE_SIGN_IDENTITY = "Apple Development";
				CODE_SIGN_STYLE = Automatic;
				CURRENT_PROJECT_VERSION = 2;
				DEVELOPMENT_ASSET_PATHS = "\"Headhuntr/Preview Content\"";
				DEVELOPMENT_TEAM = URYAKN64F7;
				ENABLE_PREVIEWS = YES;
				INFOPLIST_FILE = Headhuntr/Info.plist;
				IPHONEOS_DEPLOYMENT_TARGET = 14.0;
				LD_RUNPATH_SEARCH_PATHS = (
					"$(inherited)",
					"@executable_path/Frameworks",
				);
				MARKETING_VERSION = 1.1;
				PRODUCT_BUNDLE_IDENTIFIER = info.startupbuilder.hhv2.Headhuntr;
				PRODUCT_NAME = "$(TARGET_NAME)";
				PROVISIONING_PROFILE_SPECIFIER = "";
				SWIFT_VERSION = 5.0;
				TARGETED_DEVICE_FAMILY = "1,2";
			};
			name = Release;
		};
		F0DA5EC825418E2900C9F583 /* Debug */ = {
			isa = XCBuildConfiguration;
			baseConfigurationReference = D18E2EFF8D7D49AAB32AF15E /* Pods-HeadhuntrTests.debug.xcconfig */;
			buildSettings = {
				ALWAYS_EMBED_SWIFT_STANDARD_LIBRARIES = YES;
				BUNDLE_LOADER = "$(TEST_HOST)";
				"CODE_SIGN_IDENTITY[sdk=macosx*]" = "Apple Development";
				CODE_SIGN_STYLE = Automatic;
				DEVELOPMENT_TEAM = URYAKN64F7;
				INFOPLIST_FILE = HeadhuntrTests/Info.plist;
				IPHONEOS_DEPLOYMENT_TARGET = 14.0;
				LD_RUNPATH_SEARCH_PATHS = (
					"$(inherited)",
					"@executable_path/Frameworks",
					"@loader_path/Frameworks",
				);
				PRODUCT_BUNDLE_IDENTIFIER = info.startupbuilder.hhv2.HeadhuntrTests;
				PRODUCT_NAME = "$(TARGET_NAME)";
				SWIFT_VERSION = 5.0;
				TARGETED_DEVICE_FAMILY = "1,2";
				TEST_HOST = "$(BUILT_PRODUCTS_DIR)/Headhuntr.app/Headhuntr";
			};
			name = Debug;
		};
		F0DA5EC925418E2900C9F583 /* Release */ = {
			isa = XCBuildConfiguration;
			baseConfigurationReference = 6372358FA8276197563C0FA5 /* Pods-HeadhuntrTests.release.xcconfig */;
			buildSettings = {
				ALWAYS_EMBED_SWIFT_STANDARD_LIBRARIES = YES;
				BUNDLE_LOADER = "$(TEST_HOST)";
				"CODE_SIGN_IDENTITY[sdk=macosx*]" = "Apple Development";
				CODE_SIGN_STYLE = Automatic;
				DEVELOPMENT_TEAM = URYAKN64F7;
				INFOPLIST_FILE = HeadhuntrTests/Info.plist;
				IPHONEOS_DEPLOYMENT_TARGET = 14.0;
				LD_RUNPATH_SEARCH_PATHS = (
					"$(inherited)",
					"@executable_path/Frameworks",
					"@loader_path/Frameworks",
				);
				PRODUCT_BUNDLE_IDENTIFIER = info.startupbuilder.hhv2.HeadhuntrTests;
				PRODUCT_NAME = "$(TARGET_NAME)";
				SWIFT_VERSION = 5.0;
				TARGETED_DEVICE_FAMILY = "1,2";
				TEST_HOST = "$(BUILT_PRODUCTS_DIR)/Headhuntr.app/Headhuntr";
			};
			name = Release;
		};
		F0DA5ECB25418E2900C9F583 /* Debug */ = {
			isa = XCBuildConfiguration;
			baseConfigurationReference = 69C2FF4D4AB7703B1AA23162 /* Pods-Headhuntr-HeadhuntrUITests.debug.xcconfig */;
			buildSettings = {
				ALWAYS_EMBED_SWIFT_STANDARD_LIBRARIES = YES;
				CODE_SIGN_STYLE = Automatic;
				DEVELOPMENT_TEAM = URYAKN64F7;
				INFOPLIST_FILE = HeadhuntrUITests/Info.plist;
				LD_RUNPATH_SEARCH_PATHS = (
					"$(inherited)",
					"@executable_path/Frameworks",
					"@loader_path/Frameworks",
				);
				PRODUCT_BUNDLE_IDENTIFIER = info.startupbuilder.hhv2.HeadhuntrUITests;
				PRODUCT_NAME = "$(TARGET_NAME)";
				SWIFT_VERSION = 5.0;
				TARGETED_DEVICE_FAMILY = "1,2";
				TEST_TARGET_NAME = Headhuntr;
			};
			name = Debug;
		};
		F0DA5ECC25418E2900C9F583 /* Release */ = {
			isa = XCBuildConfiguration;
			baseConfigurationReference = B4DF424568DFACBFFF432223 /* Pods-Headhuntr-HeadhuntrUITests.release.xcconfig */;
			buildSettings = {
				ALWAYS_EMBED_SWIFT_STANDARD_LIBRARIES = YES;
				CODE_SIGN_STYLE = Automatic;
				DEVELOPMENT_TEAM = URYAKN64F7;
				INFOPLIST_FILE = HeadhuntrUITests/Info.plist;
				LD_RUNPATH_SEARCH_PATHS = (
					"$(inherited)",
					"@executable_path/Frameworks",
					"@loader_path/Frameworks",
				);
				PRODUCT_BUNDLE_IDENTIFIER = info.startupbuilder.hhv2.HeadhuntrUITests;
				PRODUCT_NAME = "$(TARGET_NAME)";
				SWIFT_VERSION = 5.0;
				TARGETED_DEVICE_FAMILY = "1,2";
				TEST_TARGET_NAME = Headhuntr;
			};
			name = Release;
		};
/* End XCBuildConfiguration section */

/* Begin XCConfigurationList section */
		F0DA5E9525418E2700C9F583 /* Build configuration list for PBXProject "Headhuntr" */ = {
			isa = XCConfigurationList;
			buildConfigurations = (
				F0DA5EC225418E2900C9F583 /* Debug */,
				F0DA5EC325418E2900C9F583 /* Release */,
			);
			defaultConfigurationIsVisible = 0;
			defaultConfigurationName = Release;
		};
		F0DA5EC425418E2900C9F583 /* Build configuration list for PBXNativeTarget "Headhuntr" */ = {
			isa = XCConfigurationList;
			buildConfigurations = (
				F0DA5EC525418E2900C9F583 /* Debug */,
				F0DA5EC625418E2900C9F583 /* Release */,
			);
			defaultConfigurationIsVisible = 0;
			defaultConfigurationName = Release;
		};
		F0DA5EC725418E2900C9F583 /* Build configuration list for PBXNativeTarget "HeadhuntrTests" */ = {
			isa = XCConfigurationList;
			buildConfigurations = (
				F0DA5EC825418E2900C9F583 /* Debug */,
				F0DA5EC925418E2900C9F583 /* Release */,
			);
			defaultConfigurationIsVisible = 0;
			defaultConfigurationName = Release;
		};
		F0DA5ECA25418E2900C9F583 /* Build configuration list for PBXNativeTarget "HeadhuntrUITests" */ = {
			isa = XCConfigurationList;
			buildConfigurations = (
				F0DA5ECB25418E2900C9F583 /* Debug */,
				F0DA5ECC25418E2900C9F583 /* Release */,
			);
			defaultConfigurationIsVisible = 0;
			defaultConfigurationName = Release;
		};
/* End XCConfigurationList section */

/* Begin XCVersionGroup section */
		F0DA5EA825418E2900C9F583 /* Headhuntr.xcdatamodeld */ = {
			isa = XCVersionGroup;
			children = (
				F0DA5EA925418E2900C9F583 /* Headhuntr.xcdatamodel */,
			);
			currentVersion = F0DA5EA925418E2900C9F583 /* Headhuntr.xcdatamodel */;
			path = Headhuntr.xcdatamodeld;
			sourceTree = "<group>";
			versionGroupType = wrapper.xcdatamodel;
		};
/* End XCVersionGroup section */
	};
	rootObject = F0DA5E9225418E2700C9F583 /* Project object */;
}
